
Microsoft Visual Studio Solution File, Format Version 12.00
Project("{FAE04EC0-301F-11D3-BF4B-00C04F79EFBC}") = "MastermindKata", "MastermindKata\MastermindKata.csproj", "{4089C949-8811-4586-B564-FA23DF2AD95E}"
EndProject
Project("{FAE04EC0-301F-11D3-BF4B-00C04F79EFBC}") = "MastermindTests", "MastermindTests\MastermindTests.csproj", "{51194FCA-D139-417A-9A95-E1F7E50FAABD}"
EndProject
Global
	GlobalSection(SolutionConfigurationPlatforms) = preSolution
		Debug|Any CPU = Debug|Any CPU
		Release|Any CPU = Release|Any CPU
	EndGlobalSection
	GlobalSection(ProjectConfigurationPlatforms) = postSolution
		{4089C949-8811-4586-B564-FA23DF2AD95E}.Debug|Any CPU.ActiveCfg = Debug|Any CPU
		{4089C949-8811-4586-B564-FA23DF2AD95E}.Debug|Any CPU.Build.0 = Debug|Any CPU
		{4089C949-8811-4586-B564-FA23DF2AD95E}.Release|Any CPU.ActiveCfg = Release|Any CPU
		{4089C949-8811-4586-B564-FA23DF2AD95E}.Release|Any CPU.Build.0 = Release|Any CPU
		{51194FCA-D139-417A-9A95-E1F7E50FAABD}.Debug|Any CPU.ActiveCfg = Debug|Any CPU
		{51194FCA-D139-417A-9A95-E1F7E50FAABD}.Debug|Any CPU.Build.0 = Debug|Any CPU
		{51194FCA-D139-417A-9A95-E1F7E50FAABD}.Release|Any CPU.ActiveCfg = Release|Any CPU
		{51194FCA-D139-417A-9A95-E1F7E50FAABD}.Release|Any CPU.Build.0 = Release|Any CPU
	EndGlobalSection
EndGlobal
